
Microsoft Visual Studio Solution File, Format Version 12.00
# Visual Studio 14
VisualStudioVersion = 14.0.25420.1
MinimumVisualStudioVersion = 10.0.40219.1
Project("{FAE04EC0-301F-11D3-BF4B-00C04F79EFBC}") = "Common.Droid", "Common\Common.Droid\Common.Droid.csproj", "{BC998763-3901-4E34-BA35-B33625187056}"
EndProject
Project("{FAE04EC0-301F-11D3-BF4B-00C04F79EFBC}") = "Common.iOS", "Common\Common.iOS\Common.iOS.csproj", "{B82E1D1B-0E8F-4718-AC93-AF7E4A86E36C}"
EndProject
Project("{FAE04EC0-301F-11D3-BF4B-00C04F79EFBC}") = "Common.WinPhone", "Common\Common.WinPhone\Common.WinPhone.csproj", "{63B89C30-C3DE-4BD9-80F8-85FB07154AC1}"
EndProject
Project("{FAE04EC0-301F-11D3-BF4B-00C04F79EFBC}") = "Common.Windows", "Common\Common.Windows\Common.Windows.csproj", "{36A0CFBE-23C2-4688-8F26-043E3078C993}"
EndProject
Project("{FAE04EC0-301F-11D3-BF4B-00C04F79EFBC}") = "Common", "Common\Common\Common.csproj", "{CEA7AAA7-C44F-481B-AEB2-3D38B66D1BDA}"
EndProject
Global
	GlobalSection(SolutionConfigurationPlatforms) = preSolution
		Ad-Hoc|Any CPU = Ad-Hoc|Any CPU
		Ad-Hoc|ARM = Ad-Hoc|ARM
		Ad-Hoc|iPhone = Ad-Hoc|iPhone
		Ad-Hoc|iPhoneSimulator = Ad-Hoc|iPhoneSimulator
		Ad-Hoc|x64 = Ad-Hoc|x64
		Ad-Hoc|x86 = Ad-Hoc|x86
		AppStore|Any CPU = AppStore|Any CPU
		AppStore|ARM = AppStore|ARM
		AppStore|iPhone = AppStore|iPhone
		AppStore|iPhoneSimulator = AppStore|iPhoneSimulator
		AppStore|x64 = AppStore|x64
		AppStore|x86 = AppStore|x86
		Debug|Any CPU = Debug|Any CPU
		Debug|ARM = Debug|ARM
		Debug|iPhone = Debug|iPhone
		Debug|iPhoneSimulator = Debug|iPhoneSimulator
		Debug|x64 = Debug|x64
		Debug|x86 = Debug|x86
		Release|Any CPU = Release|Any CPU
		Release|ARM = Release|ARM
		Release|iPhone = Release|iPhone
		Release|iPhoneSimulator = Release|iPhoneSimulator
		Release|x64 = Release|x64
		Release|x86 = Release|x86
	EndGlobalSection
	GlobalSection(ProjectConfigurationPlatforms) = postSolution
		{BC998763-3901-4E34-BA35-B33625187056}.Ad-Hoc|Any CPU.ActiveCfg = Release|Any CPU
		{BC998763-3901-4E34-BA35-B33625187056}.Ad-Hoc|Any CPU.Build.0 = Release|Any CPU
		{BC998763-3901-4E34-BA35-B33625187056}.Ad-Hoc|Any CPU.Deploy.0 = Release|Any CPU
		{BC998763-3901-4E34-BA35-B33625187056}.Ad-Hoc|ARM.ActiveCfg = Release|Any CPU
		{BC998763-3901-4E34-BA35-B33625187056}.Ad-Hoc|ARM.Build.0 = Release|Any CPU
		{BC998763-3901-4E34-BA35-B33625187056}.Ad-Hoc|ARM.Deploy.0 = Release|Any CPU
		{BC998763-3901-4E34-BA35-B33625187056}.Ad-Hoc|iPhone.ActiveCfg = Release|Any CPU
		{BC998763-3901-4E34-BA35-B33625187056}.Ad-Hoc|iPhone.Build.0 = Release|Any CPU
		{BC998763-3901-4E34-BA35-B33625187056}.Ad-Hoc|iPhone.Deploy.0 = Release|Any CPU
		{BC998763-3901-4E34-BA35-B33625187056}.Ad-Hoc|iPhoneSimulator.ActiveCfg = Release|Any CPU
		{BC998763-3901-4E34-BA35-B33625187056}.Ad-Hoc|iPhoneSimulator.Build.0 = Release|Any CPU
		{BC998763-3901-4E34-BA35-B33625187056}.Ad-Hoc|iPhoneSimulator.Deploy.0 = Release|Any CPU
		{BC998763-3901-4E34-BA35-B33625187056}.Ad-Hoc|x64.ActiveCfg = Release|Any CPU
		{BC998763-3901-4E34-BA35-B33625187056}.Ad-Hoc|x64.Build.0 = Release|Any CPU
		{BC998763-3901-4E34-BA35-B33625187056}.Ad-Hoc|x64.Deploy.0 = Release|Any CPU
		{BC998763-3901-4E34-BA35-B33625187056}.Ad-Hoc|x86.ActiveCfg = Release|Any CPU
		{BC998763-3901-4E34-BA35-B33625187056}.Ad-Hoc|x86.Build.0 = Release|Any CPU
		{BC998763-3901-4E34-BA35-B33625187056}.Ad-Hoc|x86.Deploy.0 = Release|Any CPU
		{BC998763-3901-4E34-BA35-B33625187056}.AppStore|Any CPU.ActiveCfg = Release|Any CPU
		{BC998763-3901-4E34-BA35-B33625187056}.AppStore|Any CPU.Build.0 = Release|Any CPU
		{BC998763-3901-4E34-BA35-B33625187056}.AppStore|Any CPU.Deploy.0 = Release|Any CPU
		{BC998763-3901-4E34-BA35-B33625187056}.AppStore|ARM.ActiveCfg = Release|Any CPU
		{BC998763-3901-4E34-BA35-B33625187056}.AppStore|ARM.Build.0 = Release|Any CPU
		{BC998763-3901-4E34-BA35-B33625187056}.AppStore|ARM.Deploy.0 = Release|Any CPU
		{BC998763-3901-4E34-BA35-B33625187056}.AppStore|iPhone.ActiveCfg = Release|Any CPU
		{BC998763-3901-4E34-BA35-B33625187056}.AppStore|iPhone.Build.0 = Release|Any CPU
		{BC998763-3901-4E34-BA35-B33625187056}.AppStore|iPhone.Deploy.0 = Release|Any CPU
		{BC998763-3901-4E34-BA35-B33625187056}.AppStore|iPhoneSimulator.ActiveCfg = Release|Any CPU
		{BC998763-3901-4E34-BA35-B33625187056}.AppStore|iPhoneSimulator.Build.0 = Release|Any CPU
		{BC998763-3901-4E34-BA35-B33625187056}.AppStore|iPhoneSimulator.Deploy.0 = Release|Any CPU
		{BC998763-3901-4E34-BA35-B33625187056}.AppStore|x64.ActiveCfg = Release|Any CPU
		{BC998763-3901-4E34-BA35-B33625187056}.AppStore|x64.Build.0 = Release|Any CPU
		{BC998763-3901-4E34-BA35-B33625187056}.AppStore|x64.Deploy.0 = Release|Any CPU
		{BC998763-3901-4E34-BA35-B33625187056}.AppStore|x86.ActiveCfg = Release|Any CPU
		{BC998763-3901-4E34-BA35-B33625187056}.AppStore|x86.Build.0 = Release|Any CPU
		{BC998763-3901-4E34-BA35-B33625187056}.AppStore|x86.Deploy.0 = Release|Any CPU
		{BC998763-3901-4E34-BA35-B33625187056}.Debug|Any CPU.ActiveCfg = Debug|Any CPU
		{BC998763-3901-4E34-BA35-B33625187056}.Debug|Any CPU.Build.0 = Debug|Any CPU
		{BC998763-3901-4E34-BA35-B33625187056}.Debug|Any CPU.Deploy.0 = Debug|Any CPU
		{BC998763-3901-4E34-BA35-B33625187056}.Debug|ARM.ActiveCfg = Debug|Any CPU
		{BC998763-3901-4E34-BA35-B33625187056}.Debug|ARM.Build.0 = Debug|Any CPU
		{BC998763-3901-4E34-BA35-B33625187056}.Debug|ARM.Deploy.0 = Debug|Any CPU
		{BC998763-3901-4E34-BA35-B33625187056}.Debug|iPhone.ActiveCfg = Debug|Any CPU
		{BC998763-3901-4E34-BA35-B33625187056}.Debug|iPhone.Build.0 = Debug|Any CPU
		{BC998763-3901-4E34-BA35-B33625187056}.Debug|iPhone.Deploy.0 = Debug|Any CPU
		{BC998763-3901-4E34-BA35-B33625187056}.Debug|iPhoneSimulator.ActiveCfg = Debug|Any CPU
		{BC998763-3901-4E34-BA35-B33625187056}.Debug|iPhoneSimulator.Build.0 = Debug|Any CPU
		{BC998763-3901-4E34-BA35-B33625187056}.Debug|iPhoneSimulator.Deploy.0 = Debug|Any CPU
		{BC998763-3901-4E34-BA35-B33625187056}.Debug|x64.ActiveCfg = Debug|Any CPU
		{BC998763-3901-4E34-BA35-B33625187056}.Debug|x64.Build.0 = Debug|Any CPU
		{BC998763-3901-4E34-BA35-B33625187056}.Debug|x64.Deploy.0 = Debug|Any CPU
		{BC998763-3901-4E34-BA35-B33625187056}.Debug|x86.ActiveCfg = Debug|Any CPU
		{BC998763-3901-4E34-BA35-B33625187056}.Debug|x86.Build.0 = Debug|Any CPU
		{BC998763-3901-4E34-BA35-B33625187056}.Debug|x86.Deploy.0 = Debug|Any CPU
		{BC998763-3901-4E34-BA35-B33625187056}.Release|Any CPU.ActiveCfg = Release|Any CPU
		{BC998763-3901-4E34-BA35-B33625187056}.Release|Any CPU.Build.0 = Release|Any CPU
		{BC998763-3901-4E34-BA35-B33625187056}.Release|Any CPU.Deploy.0 = Release|Any CPU
		{BC998763-3901-4E34-BA35-B33625187056}.Release|ARM.ActiveCfg = Release|Any CPU
		{BC998763-3901-4E34-BA35-B33625187056}.Release|ARM.Build.0 = Release|Any CPU
		{BC998763-3901-4E34-BA35-B33625187056}.Release|ARM.Deploy.0 = Release|Any CPU
		{BC998763-3901-4E34-BA35-B33625187056}.Release|iPhone.ActiveCfg = Release|Any CPU
		{BC998763-3901-4E34-BA35-B33625187056}.Release|iPhone.Build.0 = Release|Any CPU
		{BC998763-3901-4E34-BA35-B33625187056}.Release|iPhone.Deploy.0 = Release|Any CPU
		{BC998763-3901-4E34-BA35-B33625187056}.Release|iPhoneSimulator.ActiveCfg = Release|Any CPU
		{BC998763-3901-4E34-BA35-B33625187056}.Release|iPhoneSimulator.Build.0 = Release|Any CPU
		{BC998763-3901-4E34-BA35-B33625187056}.Release|iPhoneSimulator.Deploy.0 = Release|Any CPU
		{BC998763-3901-4E34-BA35-B33625187056}.Release|x64.ActiveCfg = Release|Any CPU
		{BC998763-3901-4E34-BA35-B33625187056}.Release|x64.Build.0 = Release|Any CPU
		{BC998763-3901-4E34-BA35-B33625187056}.Release|x64.Deploy.0 = Release|Any CPU
		{BC998763-3901-4E34-BA35-B33625187056}.Release|x86.ActiveCfg = Release|Any CPU
		{BC998763-3901-4E34-BA35-B33625187056}.Release|x86.Build.0 = Release|Any CPU
		{BC998763-3901-4E34-BA35-B33625187056}.Release|x86.Deploy.0 = Release|Any CPU
		{B82E1D1B-0E8F-4718-AC93-AF7E4A86E36C}.Ad-Hoc|Any CPU.ActiveCfg = Ad-Hoc|iPhone
		{B82E1D1B-0E8F-4718-AC93-AF7E4A86E36C}.Ad-Hoc|ARM.ActiveCfg = Ad-Hoc|iPhone
		{B82E1D1B-0E8F-4718-AC93-AF7E4A86E36C}.Ad-Hoc|iPhone.ActiveCfg = Ad-Hoc|iPhone
		{B82E1D1B-0E8F-4718-AC93-AF7E4A86E36C}.Ad-Hoc|iPhone.Build.0 = Ad-Hoc|iPhone
		{B82E1D1B-0E8F-4718-AC93-AF7E4A86E36C}.Ad-Hoc|iPhoneSimulator.ActiveCfg = Ad-Hoc|iPhoneSimulator
		{B82E1D1B-0E8F-4718-AC93-AF7E4A86E36C}.Ad-Hoc|iPhoneSimulator.Build.0 = Ad-Hoc|iPhoneSimulator
		{B82E1D1B-0E8F-4718-AC93-AF7E4A86E36C}.Ad-Hoc|x64.ActiveCfg = Ad-Hoc|iPhone
		{B82E1D1B-0E8F-4718-AC93-AF7E4A86E36C}.Ad-Hoc|x86.ActiveCfg = Ad-Hoc|iPhone
		{B82E1D1B-0E8F-4718-AC93-AF7E4A86E36C}.AppStore|Any CPU.ActiveCfg = AppStore|iPhone
		{B82E1D1B-0E8F-4718-AC93-AF7E4A86E36C}.AppStore|ARM.ActiveCfg = AppStore|iPhone
		{B82E1D1B-0E8F-4718-AC93-AF7E4A86E36C}.AppStore|iPhone.ActiveCfg = AppStore|iPhone
		{B82E1D1B-0E8F-4718-AC93-AF7E4A86E36C}.AppStore|iPhone.Build.0 = AppStore|iPhone
		{B82E1D1B-0E8F-4718-AC93-AF7E4A86E36C}.AppStore|iPhoneSimulator.ActiveCfg = AppStore|iPhoneSimulator
		{B82E1D1B-0E8F-4718-AC93-AF7E4A86E36C}.AppStore|iPhoneSimulator.Build.0 = AppStore|iPhoneSimulator
		{B82E1D1B-0E8F-4718-AC93-AF7E4A86E36C}.AppStore|x64.ActiveCfg = AppStore|iPhone
		{B82E1D1B-0E8F-4718-AC93-AF7E4A86E36C}.AppStore|x86.ActiveCfg = AppStore|iPhone
		{B82E1D1B-0E8F-4718-AC93-AF7E4A86E36C}.Debug|Any CPU.ActiveCfg = Debug|iPhone
		{B82E1D1B-0E8F-4718-AC93-AF7E4A86E36C}.Debug|ARM.ActiveCfg = Debug|iPhone
		{B82E1D1B-0E8F-4718-AC93-AF7E4A86E36C}.Debug|iPhone.ActiveCfg = Debug|iPhone
		{B82E1D1B-0E8F-4718-AC93-AF7E4A86E36C}.Debug|iPhone.Build.0 = Debug|iPhone
		{B82E1D1B-0E8F-4718-AC93-AF7E4A86E36C}.Debug|iPhoneSimulator.ActiveCfg = Debug|iPhoneSimulator
		{B82E1D1B-0E8F-4718-AC93-AF7E4A86E36C}.Debug|iPhoneSimulator.Build.0 = Debug|iPhoneSimulator
		{B82E1D1B-0E8F-4718-AC93-AF7E4A86E36C}.Debug|x64.ActiveCfg = Debug|iPhone
		{B82E1D1B-0E8F-4718-AC93-AF7E4A86E36C}.Debug|x86.ActiveCfg = Debug|iPhone
		{B82E1D1B-0E8F-4718-AC93-AF7E4A86E36C}.Release|Any CPU.ActiveCfg = Release|iPhone
		{B82E1D1B-0E8F-4718-AC93-AF7E4A86E36C}.Release|ARM.ActiveCfg = Release|iPhone
		{B82E1D1B-0E8F-4718-AC93-AF7E4A86E36C}.Release|iPhone.ActiveCfg = Release|iPhone
		{B82E1D1B-0E8F-4718-AC93-AF7E4A86E36C}.Release|iPhone.Build.0 = Release|iPhone
		{B82E1D1B-0E8F-4718-AC93-AF7E4A86E36C}.Release|iPhoneSimulator.ActiveCfg = Release|iPhoneSimulator
		{B82E1D1B-0E8F-4718-AC93-AF7E4A86E36C}.Release|iPhoneSimulator.Build.0 = Release|iPhoneSimulator
		{B82E1D1B-0E8F-4718-AC93-AF7E4A86E36C}.Release|x64.ActiveCfg = Release|iPhone
		{B82E1D1B-0E8F-4718-AC93-AF7E4A86E36C}.Release|x86.ActiveCfg = Release|iPhone
		{63B89C30-C3DE-4BD9-80F8-85FB07154AC1}.Ad-Hoc|Any CPU.ActiveCfg = Release|Any CPU
		{63B89C30-C3DE-4BD9-80F8-85FB07154AC1}.Ad-Hoc|Any CPU.Build.0 = Release|Any CPU
		{63B89C30-C3DE-4BD9-80F8-85FB07154AC1}.Ad-Hoc|Any CPU.Deploy.0 = Release|Any CPU
		{63B89C30-C3DE-4BD9-80F8-85FB07154AC1}.Ad-Hoc|ARM.ActiveCfg = Release|ARM
		{63B89C30-C3DE-4BD9-80F8-85FB07154AC1}.Ad-Hoc|ARM.Build.0 = Release|ARM
		{63B89C30-C3DE-4BD9-80F8-85FB07154AC1}.Ad-Hoc|ARM.Deploy.0 = Release|ARM
		{63B89C30-C3DE-4BD9-80F8-85FB07154AC1}.Ad-Hoc|iPhone.ActiveCfg = Release|Any CPU
		{63B89C30-C3DE-4BD9-80F8-85FB07154AC1}.Ad-Hoc|iPhone.Build.0 = Release|Any CPU
		{63B89C30-C3DE-4BD9-80F8-85FB07154AC1}.Ad-Hoc|iPhone.Deploy.0 = Release|Any CPU
		{63B89C30-C3DE-4BD9-80F8-85FB07154AC1}.Ad-Hoc|iPhoneSimulator.ActiveCfg = Release|Any CPU
		{63B89C30-C3DE-4BD9-80F8-85FB07154AC1}.Ad-Hoc|iPhoneSimulator.Build.0 = Release|Any CPU
		{63B89C30-C3DE-4BD9-80F8-85FB07154AC1}.Ad-Hoc|iPhoneSimulator.Deploy.0 = Release|Any CPU
		{63B89C30-C3DE-4BD9-80F8-85FB07154AC1}.Ad-Hoc|x64.ActiveCfg = Release|Any CPU
		{63B89C30-C3DE-4BD9-80F8-85FB07154AC1}.Ad-Hoc|x64.Build.0 = Release|Any CPU
		{63B89C30-C3DE-4BD9-80F8-85FB07154AC1}.Ad-Hoc|x64.Deploy.0 = Release|Any CPU
		{63B89C30-C3DE-4BD9-80F8-85FB07154AC1}.Ad-Hoc|x86.ActiveCfg = Release|x86
		{63B89C30-C3DE-4BD9-80F8-85FB07154AC1}.Ad-Hoc|x86.Build.0 = Release|x86
		{63B89C30-C3DE-4BD9-80F8-85FB07154AC1}.Ad-Hoc|x86.Deploy.0 = Release|x86
		{63B89C30-C3DE-4BD9-80F8-85FB07154AC1}.AppStore|Any CPU.ActiveCfg = Release|Any CPU
		{63B89C30-C3DE-4BD9-80F8-85FB07154AC1}.AppStore|Any CPU.Build.0 = Release|Any CPU
		{63B89C30-C3DE-4BD9-80F8-85FB07154AC1}.AppStore|Any CPU.Deploy.0 = Release|Any CPU
		{63B89C30-C3DE-4BD9-80F8-85FB07154AC1}.AppStore|ARM.ActiveCfg = Release|ARM
		{63B89C30-C3DE-4BD9-80F8-85FB07154AC1}.AppStore|ARM.Build.0 = Release|ARM
		{63B89C30-C3DE-4BD9-80F8-85FB07154AC1}.AppStore|ARM.Deploy.0 = Release|ARM
		{63B89C30-C3DE-4BD9-80F8-85FB07154AC1}.AppStore|iPhone.ActiveCfg = Release|Any CPU
		{63B89C30-C3DE-4BD9-80F8-85FB07154AC1}.AppStore|iPhone.Build.0 = Release|Any CPU
		{63B89C30-C3DE-4BD9-80F8-85FB07154AC1}.AppStore|iPhone.Deploy.0 = Release|Any CPU
		{63B89C30-C3DE-4BD9-80F8-85FB07154AC1}.AppStore|iPhoneSimulator.ActiveCfg = Release|Any CPU
		{63B89C30-C3DE-4BD9-80F8-85FB07154AC1}.AppStore|iPhoneSimulator.Build.0 = Release|Any CPU
		{63B89C30-C3DE-4BD9-80F8-85FB07154AC1}.AppStore|iPhoneSimulator.Deploy.0 = Release|Any CPU
		{63B89C30-C3DE-4BD9-80F8-85FB07154AC1}.AppStore|x64.ActiveCfg = Release|Any CPU
		{63B89C30-C3DE-4BD9-80F8-85FB07154AC1}.AppStore|x64.Build.0 = Release|Any CPU
		{63B89C30-C3DE-4BD9-80F8-85FB07154AC1}.AppStore|x64.Deploy.0 = Release|Any CPU
		{63B89C30-C3DE-4BD9-80F8-85FB07154AC1}.AppStore|x86.ActiveCfg = Release|x86
		{63B89C30-C3DE-4BD9-80F8-85FB07154AC1}.AppStore|x86.Build.0 = Release|x86
		{63B89C30-C3DE-4BD9-80F8-85FB07154AC1}.AppStore|x86.Deploy.0 = Release|x86
		{63B89C30-C3DE-4BD9-80F8-85FB07154AC1}.Debug|Any CPU.ActiveCfg = Debug|Any CPU
		{63B89C30-C3DE-4BD9-80F8-85FB07154AC1}.Debug|Any CPU.Build.0 = Debug|Any CPU
		{63B89C30-C3DE-4BD9-80F8-85FB07154AC1}.Debug|Any CPU.Deploy.0 = Debug|Any CPU
		{63B89C30-C3DE-4BD9-80F8-85FB07154AC1}.Debug|ARM.ActiveCfg = Debug|ARM
		{63B89C30-C3DE-4BD9-80F8-85FB07154AC1}.Debug|ARM.Build.0 = Debug|ARM
		{63B89C30-C3DE-4BD9-80F8-85FB07154AC1}.Debug|ARM.Deploy.0 = Debug|ARM
		{63B89C30-C3DE-4BD9-80F8-85FB07154AC1}.Debug|iPhone.ActiveCfg = Debug|Any CPU
		{63B89C30-C3DE-4BD9-80F8-85FB07154AC1}.Debug|iPhone.Build.0 = Debug|Any CPU
		{63B89C30-C3DE-4BD9-80F8-85FB07154AC1}.Debug|iPhone.Deploy.0 = Debug|Any CPU
		{63B89C30-C3DE-4BD9-80F8-85FB07154AC1}.Debug|iPhoneSimulator.ActiveCfg = Debug|Any CPU
		{63B89C30-C3DE-4BD9-80F8-85FB07154AC1}.Debug|iPhoneSimulator.Build.0 = Debug|Any CPU
		{63B89C30-C3DE-4BD9-80F8-85FB07154AC1}.Debug|iPhoneSimulator.Deploy.0 = Debug|Any CPU
		{63B89C30-C3DE-4BD9-80F8-85FB07154AC1}.Debug|x64.ActiveCfg = Debug|Any CPU
		{63B89C30-C3DE-4BD9-80F8-85FB07154AC1}.Debug|x64.Build.0 = Debug|Any CPU
		{63B89C30-C3DE-4BD9-80F8-85FB07154AC1}.Debug|x64.Deploy.0 = Debug|Any CPU
		{63B89C30-C3DE-4BD9-80F8-85FB07154AC1}.Debug|x86.ActiveCfg = Debug|x86
		{63B89C30-C3DE-4BD9-80F8-85FB07154AC1}.Debug|x86.Build.0 = Debug|x86
		{63B89C30-C3DE-4BD9-80F8-85FB07154AC1}.Debug|x86.Deploy.0 = Debug|x86
		{63B89C30-C3DE-4BD9-80F8-85FB07154AC1}.Release|Any CPU.ActiveCfg = Release|Any CPU
		{63B89C30-C3DE-4BD9-80F8-85FB07154AC1}.Release|Any CPU.Build.0 = Release|Any CPU
		{63B89C30-C3DE-4BD9-80F8-85FB07154AC1}.Release|Any CPU.Deploy.0 = Release|Any CPU
		{63B89C30-C3DE-4BD9-80F8-85FB07154AC1}.Release|ARM.ActiveCfg = Release|ARM
		{63B89C30-C3DE-4BD9-80F8-85FB07154AC1}.Release|ARM.Build.0 = Release|ARM
		{63B89C30-C3DE-4BD9-80F8-85FB07154AC1}.Release|ARM.Deploy.0 = Release|ARM
		{63B89C30-C3DE-4BD9-80F8-85FB07154AC1}.Release|iPhone.ActiveCfg = Release|Any CPU
		{63B89C30-C3DE-4BD9-80F8-85FB07154AC1}.Release|iPhone.Build.0 = Release|Any CPU
		{63B89C30-C3DE-4BD9-80F8-85FB07154AC1}.Release|iPhone.Deploy.0 = Release|Any CPU
		{63B89C30-C3DE-4BD9-80F8-85FB07154AC1}.Release|iPhoneSimulator.ActiveCfg = Release|Any CPU
		{63B89C30-C3DE-4BD9-80F8-85FB07154AC1}.Release|iPhoneSimulator.Build.0 = Release|Any CPU
		{63B89C30-C3DE-4BD9-80F8-85FB07154AC1}.Release|iPhoneSimulator.Deploy.0 = Release|Any CPU
		{63B89C30-C3DE-4BD9-80F8-85FB07154AC1}.Release|x64.ActiveCfg = Release|Any CPU
		{63B89C30-C3DE-4BD9-80F8-85FB07154AC1}.Release|x64.Build.0 = Release|Any CPU
		{63B89C30-C3DE-4BD9-80F8-85FB07154AC1}.Release|x64.Deploy.0 = Release|Any CPU
		{63B89C30-C3DE-4BD9-80F8-85FB07154AC1}.Release|x86.ActiveCfg = Release|x86
		{63B89C30-C3DE-4BD9-80F8-85FB07154AC1}.Release|x86.Build.0 = Release|x86
		{63B89C30-C3DE-4BD9-80F8-85FB07154AC1}.Release|x86.Deploy.0 = Release|x86
		{36A0CFBE-23C2-4688-8F26-043E3078C993}.Ad-Hoc|Any CPU.ActiveCfg = Release|Any CPU
		{36A0CFBE-23C2-4688-8F26-043E3078C993}.Ad-Hoc|Any CPU.Build.0 = Release|Any CPU
		{36A0CFBE-23C2-4688-8F26-043E3078C993}.Ad-Hoc|Any CPU.Deploy.0 = Release|Any CPU
		{36A0CFBE-23C2-4688-8F26-043E3078C993}.Ad-Hoc|ARM.ActiveCfg = Release|ARM
		{36A0CFBE-23C2-4688-8F26-043E3078C993}.Ad-Hoc|ARM.Build.0 = Release|ARM
		{36A0CFBE-23C2-4688-8F26-043E3078C993}.Ad-Hoc|ARM.Deploy.0 = Release|ARM
		{36A0CFBE-23C2-4688-8F26-043E3078C993}.Ad-Hoc|iPhone.ActiveCfg = Release|Any CPU
		{36A0CFBE-23C2-4688-8F26-043E3078C993}.Ad-Hoc|iPhone.Build.0 = Release|Any CPU
		{36A0CFBE-23C2-4688-8F26-043E3078C993}.Ad-Hoc|iPhone.Deploy.0 = Release|Any CPU
		{36A0CFBE-23C2-4688-8F26-043E3078C993}.Ad-Hoc|iPhoneSimulator.ActiveCfg = Release|Any CPU
		{36A0CFBE-23C2-4688-8F26-043E3078C993}.Ad-Hoc|iPhoneSimulator.Build.0 = Release|Any CPU
		{36A0CFBE-23C2-4688-8F26-043E3078C993}.Ad-Hoc|iPhoneSimulator.Deploy.0 = Release|Any CPU
		{36A0CFBE-23C2-4688-8F26-043E3078C993}.Ad-Hoc|x64.ActiveCfg = Release|x64
		{36A0CFBE-23C2-4688-8F26-043E3078C993}.Ad-Hoc|x64.Build.0 = Release|x64
		{36A0CFBE-23C2-4688-8F26-043E3078C993}.Ad-Hoc|x64.Deploy.0 = Release|x64
		{36A0CFBE-23C2-4688-8F26-043E3078C993}.Ad-Hoc|x86.ActiveCfg = Release|x86
		{36A0CFBE-23C2-4688-8F26-043E3078C993}.Ad-Hoc|x86.Build.0 = Release|x86
		{36A0CFBE-23C2-4688-8F26-043E3078C993}.Ad-Hoc|x86.Deploy.0 = Release|x86
		{36A0CFBE-23C2-4688-8F26-043E3078C993}.AppStore|Any CPU.ActiveCfg = Release|Any CPU
		{36A0CFBE-23C2-4688-8F26-043E3078C993}.AppStore|Any CPU.Build.0 = Release|Any CPU
		{36A0CFBE-23C2-4688-8F26-043E3078C993}.AppStore|Any CPU.Deploy.0 = Release|Any CPU
		{36A0CFBE-23C2-4688-8F26-043E3078C993}.AppStore|ARM.ActiveCfg = Release|ARM
		{36A0CFBE-23C2-4688-8F26-043E3078C993}.AppStore|ARM.Build.0 = Release|ARM
		{36A0CFBE-23C2-4688-8F26-043E3078C993}.AppStore|ARM.Deploy.0 = Release|ARM
		{36A0CFBE-23C2-4688-8F26-043E3078C993}.AppStore|iPhone.ActiveCfg = Release|Any CPU
		{36A0CFBE-23C2-4688-8F26-043E3078C993}.AppStore|iPhone.Build.0 = Release|Any CPU
		{36A0CFBE-23C2-4688-8F26-043E3078C993}.AppStore|iPhone.Deploy.0 = Release|Any CPU
		{36A0CFBE-23C2-4688-8F26-043E3078C993}.AppStore|iPhoneSimulator.ActiveCfg = Release|Any CPU
		{36A0CFBE-23C2-4688-8F26-043E3078C993}.AppStore|iPhoneSimulator.Build.0 = Release|Any CPU
		{36A0CFBE-23C2-4688-8F26-043E3078C993}.AppStore|iPhoneSimulator.Deploy.0 = Release|Any CPU
		{36A0CFBE-23C2-4688-8F26-043E3078C993}.AppStore|x64.ActiveCfg = Release|x64
		{36A0CFBE-23C2-4688-8F26-043E3078C993}.AppStore|x64.Build.0 = Release|x64
		{36A0CFBE-23C2-4688-8F26-043E3078C993}.AppStore|x64.Deploy.0 = Release|x64
		{36A0CFBE-23C2-4688-8F26-043E3078C993}.AppStore|x86.ActiveCfg = Release|x86
		{36A0CFBE-23C2-4688-8F26-043E3078C993}.AppStore|x86.Build.0 = Release|x86
		{36A0CFBE-23C2-4688-8F26-043E3078C993}.AppStore|x86.Deploy.0 = Release|x86
		{36A0CFBE-23C2-4688-8F26-043E3078C993}.Debug|Any CPU.ActiveCfg = Debug|Any CPU
		{36A0CFBE-23C2-4688-8F26-043E3078C993}.Debug|Any CPU.Build.0 = Debug|Any CPU
		{36A0CFBE-23C2-4688-8F26-043E3078C993}.Debug|Any CPU.Deploy.0 = Debug|Any CPU
		{36A0CFBE-23C2-4688-8F26-043E3078C993}.Debug|ARM.ActiveCfg = Debug|ARM
		{36A0CFBE-23C2-4688-8F26-043E3078C993}.Debug|ARM.Build.0 = Debug|ARM
		{36A0CFBE-23C2-4688-8F26-043E3078C993}.Debug|ARM.Deploy.0 = Debug|ARM
		{36A0CFBE-23C2-4688-8F26-043E3078C993}.Debug|iPhone.ActiveCfg = Debug|Any CPU
		{36A0CFBE-23C2-4688-8F26-043E3078C993}.Debug|iPhone.Build.0 = Debug|Any CPU
		{36A0CFBE-23C2-4688-8F26-043E3078C993}.Debug|iPhone.Deploy.0 = Debug|Any CPU
		{36A0CFBE-23C2-4688-8F26-043E3078C993}.Debug|iPhoneSimulator.ActiveCfg = Debug|Any CPU
		{36A0CFBE-23C2-4688-8F26-043E3078C993}.Debug|iPhoneSimulator.Build.0 = Debug|Any CPU
		{36A0CFBE-23C2-4688-8F26-043E3078C993}.Debug|iPhoneSimulator.Deploy.0 = Debug|Any CPU
		{36A0CFBE-23C2-4688-8F26-043E3078C993}.Debug|x64.ActiveCfg = Debug|x64
		{36A0CFBE-23C2-4688-8F26-043E3078C993}.Debug|x64.Build.0 = Debug|x64
		{36A0CFBE-23C2-4688-8F26-043E3078C993}.Debug|x64.Deploy.0 = Debug|x64
		{36A0CFBE-23C2-4688-8F26-043E3078C993}.Debug|x86.ActiveCfg = Debug|x86
		{36A0CFBE-23C2-4688-8F26-043E3078C993}.Debug|x86.Build.0 = Debug|x86
		{36A0CFBE-23C2-4688-8F26-043E3078C993}.Debug|x86.Deploy.0 = Debug|x86
		{36A0CFBE-23C2-4688-8F26-043E3078C993}.Release|Any CPU.ActiveCfg = Release|Any CPU
		{36A0CFBE-23C2-4688-8F26-043E3078C993}.Release|Any CPU.Build.0 = Release|Any CPU
		{36A0CFBE-23C2-4688-8F26-043E3078C993}.Release|Any CPU.Deploy.0 = Release|Any CPU
		{36A0CFBE-23C2-4688-8F26-043E3078C993}.Release|ARM.ActiveCfg = Release|ARM
		{36A0CFBE-23C2-4688-8F26-043E3078C993}.Release|ARM.Build.0 = Release|ARM
		{36A0CFBE-23C2-4688-8F26-043E3078C993}.Release|ARM.Deploy.0 = Release|ARM
		{36A0CFBE-23C2-4688-8F26-043E3078C993}.Release|iPhone.ActiveCfg = Release|Any CPU
		{36A0CFBE-23C2-4688-8F26-043E3078C993}.Release|iPhone.Build.0 = Release|Any CPU
		{36A0CFBE-23C2-4688-8F26-043E3078C993}.Release|iPhone.Deploy.0 = Release|Any CPU
		{36A0CFBE-23C2-4688-8F26-043E3078C993}.Release|iPhoneSimulator.ActiveCfg = Release|Any CPU
		{36A0CFBE-23C2-4688-8F26-043E3078C993}.Release|iPhoneSimulator.Build.0 = Release|Any CPU
		{36A0CFBE-23C2-4688-8F26-043E3078C993}.Release|iPhoneSimulator.Deploy.0 = Release|Any CPU
		{36A0CFBE-23C2-4688-8F26-043E3078C993}.Release|x64.ActiveCfg = Release|x64
		{36A0CFBE-23C2-4688-8F26-043E3078C993}.Release|x64.Build.0 = Release|x64
		{36A0CFBE-23C2-4688-8F26-043E3078C993}.Release|x64.Deploy.0 = Release|x64
		{36A0CFBE-23C2-4688-8F26-043E3078C993}.Release|x86.ActiveCfg = Release|x86
		{36A0CFBE-23C2-4688-8F26-043E3078C993}.Release|x86.Build.0 = Release|x86
		{36A0CFBE-23C2-4688-8F26-043E3078C993}.Release|x86.Deploy.0 = Release|x86
		{CEA7AAA7-C44F-481B-AEB2-3D38B66D1BDA}.Ad-Hoc|Any CPU.ActiveCfg = Release|Any CPU
		{CEA7AAA7-C44F-481B-AEB2-3D38B66D1BDA}.Ad-Hoc|Any CPU.Build.0 = Release|Any CPU
		{CEA7AAA7-C44F-481B-AEB2-3D38B66D1BDA}.Ad-Hoc|ARM.ActiveCfg = Release|Any CPU
		{CEA7AAA7-C44F-481B-AEB2-3D38B66D1BDA}.Ad-Hoc|ARM.Build.0 = Release|Any CPU
		{CEA7AAA7-C44F-481B-AEB2-3D38B66D1BDA}.Ad-Hoc|iPhone.ActiveCfg = Release|Any CPU
		{CEA7AAA7-C44F-481B-AEB2-3D38B66D1BDA}.Ad-Hoc|iPhone.Build.0 = Release|Any CPU
		{CEA7AAA7-C44F-481B-AEB2-3D38B66D1BDA}.Ad-Hoc|iPhoneSimulator.ActiveCfg = Release|Any CPU
		{CEA7AAA7-C44F-481B-AEB2-3D38B66D1BDA}.Ad-Hoc|iPhoneSimulator.Build.0 = Release|Any CPU
		{CEA7AAA7-C44F-481B-AEB2-3D38B66D1BDA}.Ad-Hoc|x64.ActiveCfg = Release|Any CPU
		{CEA7AAA7-C44F-481B-AEB2-3D38B66D1BDA}.Ad-Hoc|x64.Build.0 = Release|Any CPU
		{CEA7AAA7-C44F-481B-AEB2-3D38B66D1BDA}.Ad-Hoc|x86.ActiveCfg = Release|Any CPU
		{CEA7AAA7-C44F-481B-AEB2-3D38B66D1BDA}.Ad-Hoc|x86.Build.0 = Release|Any CPU
		{CEA7AAA7-C44F-481B-AEB2-3D38B66D1BDA}.AppStore|Any CPU.ActiveCfg = Release|Any CPU
		{CEA7AAA7-C44F-481B-AEB2-3D38B66D1BDA}.AppStore|Any CPU.Build.0 = Release|Any CPU
		{CEA7AAA7-C44F-481B-AEB2-3D38B66D1BDA}.AppStore|ARM.ActiveCfg = Release|Any CPU
		{CEA7AAA7-C44F-481B-AEB2-3D38B66D1BDA}.AppStore|ARM.Build.0 = Release|Any CPU
		{CEA7AAA7-C44F-481B-AEB2-3D38B66D1BDA}.AppStore|iPhone.ActiveCfg = Release|Any CPU
		{CEA7AAA7-C44F-481B-AEB2-3D38B66D1BDA}.AppStore|iPhone.Build.0 = Release|Any CPU
		{CEA7AAA7-C44F-481B-AEB2-3D38B66D1BDA}.AppStore|iPhoneSimulator.ActiveCfg = Release|Any CPU
		{CEA7AAA7-C44F-481B-AEB2-3D38B66D1BDA}.AppStore|iPhoneSimulator.Build.0 = Release|Any CPU
		{CEA7AAA7-C44F-481B-AEB2-3D38B66D1BDA}.AppStore|x64.ActiveCfg = Release|Any CPU
		{CEA7AAA7-C44F-481B-AEB2-3D38B66D1BDA}.AppStore|x64.Build.0 = Release|Any CPU
		{CEA7AAA7-C44F-481B-AEB2-3D38B66D1BDA}.AppStore|x86.ActiveCfg = Release|Any CPU
		{CEA7AAA7-C44F-481B-AEB2-3D38B66D1BDA}.AppStore|x86.Build.0 = Release|Any CPU
		{CEA7AAA7-C44F-481B-AEB2-3D38B66D1BDA}.Debug|Any CPU.ActiveCfg = Debug|Any CPU
		{CEA7AAA7-C44F-481B-AEB2-3D38B66D1BDA}.Debug|Any CPU.Build.0 = Debug|Any CPU
		{CEA7AAA7-C44F-481B-AEB2-3D38B66D1BDA}.Debug|ARM.ActiveCfg = Debug|Any CPU
		{CEA7AAA7-C44F-481B-AEB2-3D38B66D1BDA}.Debug|ARM.Build.0 = Debug|Any CPU
		{CEA7AAA7-C44F-481B-AEB2-3D38B66D1BDA}.Debug|iPhone.ActiveCfg = Debug|Any CPU
		{CEA7AAA7-C44F-481B-AEB2-3D38B66D1BDA}.Debug|iPhone.Build.0 = Debug|Any CPU
		{CEA7AAA7-C44F-481B-AEB2-3D38B66D1BDA}.Debug|iPhoneSimulator.ActiveCfg = Debug|Any CPU
		{CEA7AAA7-C44F-481B-AEB2-3D38B66D1BDA}.Debug|iPhoneSimulator.Build.0 = Debug|Any CPU
		{CEA7AAA7-C44F-481B-AEB2-3D38B66D1BDA}.Debug|x64.ActiveCfg = Debug|Any CPU
		{CEA7AAA7-C44F-481B-AEB2-3D38B66D1BDA}.Debug|x64.Build.0 = Debug|Any CPU
		{CEA7AAA7-C44F-481B-AEB2-3D38B66D1BDA}.Debug|x86.ActiveCfg = Debug|Any CPU
		{CEA7AAA7-C44F-481B-AEB2-3D38B66D1BDA}.Debug|x86.Build.0 = Debug|Any CPU
		{CEA7AAA7-C44F-481B-AEB2-3D38B66D1BDA}.Release|Any CPU.ActiveCfg = Release|Any CPU
		{CEA7AAA7-C44F-481B-AEB2-3D38B66D1BDA}.Release|Any CPU.Build.0 = Release|Any CPU
		{CEA7AAA7-C44F-481B-AEB2-3D38B66D1BDA}.Release|ARM.ActiveCfg = Release|Any CPU
		{CEA7AAA7-C44F-481B-AEB2-3D38B66D1BDA}.Release|ARM.Build.0 = Release|Any CPU
		{CEA7AAA7-C44F-481B-AEB2-3D38B66D1BDA}.Release|iPhone.ActiveCfg = Release|Any CPU
		{CEA7AAA7-C44F-481B-AEB2-3D38B66D1BDA}.Release|iPhone.Build.0 = Release|Any CPU
		{CEA7AAA7-C44F-481B-AEB2-3D38B66D1BDA}.Release|iPhoneSimulator.ActiveCfg = Release|Any CPU
		{CEA7AAA7-C44F-481B-AEB2-3D38B66D1BDA}.Release|iPhoneSimulator.Build.0 = Release|Any CPU
		{CEA7AAA7-C44F-481B-AEB2-3D38B66D1BDA}.Release|x64.ActiveCfg = Release|Any CPU
		{CEA7AAA7-C44F-481B-AEB2-3D38B66D1BDA}.Release|x64.Build.0 = Release|Any CPU
		{CEA7AAA7-C44F-481B-AEB2-3D38B66D1BDA}.Release|x86.ActiveCfg = Release|Any CPU
		{CEA7AAA7-C44F-481B-AEB2-3D38B66D1BDA}.Release|x86.Build.0 = Release|Any CPU
	EndGlobalSection
	GlobalSection(SolutionProperties) = preSolution
		HideSolutionNode = FALSE
	EndGlobalSection
EndGlobal
